
Microsoft Visual Studio Solution File, Format Version 12.00
# Visual Studio Version 17
VisualStudioVersion = 17.4.33205.214
MinimumVisualStudioVersion = 10.0.40219.1
Project("{FAE04EC0-301F-11D3-BF4B-00C04F79EFBC}") = "ApiTemplate", "ApiTemplate.csproj", "{C40035EE-235A-4121-A5E1-CC3DD2F83342}"
EndProject
Global
	GlobalSection(SolutionConfigurationPlatforms) = preSolution
		Debug|Any CPU = Debug|Any CPU
		Release|Any CPU = Release|Any CPU
	EndGlobalSection
	GlobalSection(ProjectConfigurationPlatforms) = postSolution
		{C40035EE-235A-4121-A5E1-CC3DD2F83342}.Debug|Any CPU.ActiveCfg = Debug|Any CPU
		{C40035EE-235A-4121-A5E1-CC3DD2F83342}.Debug|Any CPU.Build.0 = Debug|Any CPU
		{C40035EE-235A-4121-A5E1-CC3DD2F83342}.Release|Any CPU.ActiveCfg = Release|Any CPU
		{C40035EE-235A-4121-A5E1-CC3DD2F83342}.Release|Any CPU.Build.0 = Release|Any CPU
	EndGlobalSection
	GlobalSection(SolutionProperties) = preSolution
		HideSolutionNode = FALSE
	EndGlobalSection
	GlobalSection(ExtensibilityGlobals) = postSolution
		SolutionGuid = {0BE7C39D-FBDC-424E-A7EA-AC6F83927527}
	EndGlobalSection
EndGlobal
